
Microsoft Visual Studio Solution File, Format Version 12.00
# Visual Studio Version 17
VisualStudioVersion = 17.8.34330.188
MinimumVisualStudioVersion = 10.0.40219.1
Project("{FAE04EC0-301F-11D3-BF4B-00C04F79EFBC}") = "Order.API", "Order.API\Order.API.csproj", "{D955F99F-FBFC-487F-9C02-5175A2383A97}"
EndProject
Project("{FAE04EC0-301F-11D3-BF4B-00C04F79EFBC}") = "Stock.API", "Stock.API\Stock.API.csproj", "{388D35E2-2E3F-4E53-8855-FE41C7E8671B}"
EndProject

Project("{FAE04EC0-301F-11D3-BF4B-00C04F79EFBC}") = "Payment.API", "Payment.API\Payment.API.csproj", "{0F2B2895-76AA-42AA-8295-8E05EDF48C82}"
EndProject
Project("{FAE04EC0-301F-11D3-BF4B-00C04F79EFBC}") = "SagaStateMachine.Service", "SagaStateMachine.Service\SagaStateMachine.Service.csproj", "{4A9478C2-ABAA-4AD0-85E2-9B561AFA81D6}"
EndProject

Project("{FAE04EC0-301F-11D3-BF4B-00C04F79EFBC}") = "Shared", "Shared\Shared.csproj", "{0109316B-3203-4655-BA16-BA64DB8CBA73}"
EndProject

Global
	GlobalSection(SolutionConfigurationPlatforms) = preSolution
		Debug|Any CPU = Debug|Any CPU
		Release|Any CPU = Release|Any CPU
	EndGlobalSection
	GlobalSection(ProjectConfigurationPlatforms) = postSolution
		{D955F99F-FBFC-487F-9C02-5175A2383A97}.Debug|Any CPU.ActiveCfg = Debug|Any CPU
		{D955F99F-FBFC-487F-9C02-5175A2383A97}.Debug|Any CPU.Build.0 = Debug|Any CPU
		{D955F99F-FBFC-487F-9C02-5175A2383A97}.Release|Any CPU.ActiveCfg = Release|Any CPU
		{D955F99F-FBFC-487F-9C02-5175A2383A97}.Release|Any CPU.Build.0 = Release|Any CPU
		{388D35E2-2E3F-4E53-8855-FE41C7E8671B}.Debug|Any CPU.ActiveCfg = Debug|Any CPU
		{388D35E2-2E3F-4E53-8855-FE41C7E8671B}.Debug|Any CPU.Build.0 = Debug|Any CPU
		{388D35E2-2E3F-4E53-8855-FE41C7E8671B}.Release|Any CPU.ActiveCfg = Release|Any CPU
		{388D35E2-2E3F-4E53-8855-FE41C7E8671B}.Release|Any CPU.Build.0 = Release|Any CPU

		{0F2B2895-76AA-42AA-8295-8E05EDF48C82}.Debug|Any CPU.ActiveCfg = Debug|Any CPU
		{0F2B2895-76AA-42AA-8295-8E05EDF48C82}.Debug|Any CPU.Build.0 = Debug|Any CPU
		{0F2B2895-76AA-42AA-8295-8E05EDF48C82}.Release|Any CPU.ActiveCfg = Release|Any CPU
		{0F2B2895-76AA-42AA-8295-8E05EDF48C82}.Release|Any CPU.Build.0 = Release|Any CPU
		{4A9478C2-ABAA-4AD0-85E2-9B561AFA81D6}.Debug|Any CPU.ActiveCfg = Debug|Any CPU
		{4A9478C2-ABAA-4AD0-85E2-9B561AFA81D6}.Debug|Any CPU.Build.0 = Debug|Any CPU
		{4A9478C2-ABAA-4AD0-85E2-9B561AFA81D6}.Release|Any CPU.ActiveCfg = Release|Any CPU
		{4A9478C2-ABAA-4AD0-85E2-9B561AFA81D6}.Release|Any CPU.Build.0 = Release|Any CPU

		{0109316B-3203-4655-BA16-BA64DB8CBA73}.Debug|Any CPU.ActiveCfg = Debug|Any CPU
		{0109316B-3203-4655-BA16-BA64DB8CBA73}.Debug|Any CPU.Build.0 = Debug|Any CPU
		{0109316B-3203-4655-BA16-BA64DB8CBA73}.Release|Any CPU.ActiveCfg = Release|Any CPU
		{0109316B-3203-4655-BA16-BA64DB8CBA73}.Release|Any CPU.Build.0 = Release|Any CPU


	EndGlobalSection
	GlobalSection(SolutionProperties) = preSolution
		HideSolutionNode = FALSE
	EndGlobalSection
	GlobalSection(ExtensibilityGlobals) = postSolution
		SolutionGuid = {F0B83CD2-5105-4FBB-9F5C-D54C67C0CB0E}
	EndGlobalSection
EndGlobal
